
Microsoft Visual Studio Solution File, Format Version 12.00
# Visual Studio Version 17
VisualStudioVersion = 17.0.32014.148
MinimumVisualStudioVersion = 10.0.40219.1
Project("{FAE04EC0-301F-11D3-BF4B-00C04F79EFBC}") = "WpfApp_intro", "WpfApp_intro\WpfApp_intro.csproj", "{C39AEF49-E3E9-4B69-A375-BEABAAD8B8E9}"
EndProject
Global
	GlobalSection(SolutionConfigurationPlatforms) = preSolution
		Debug|Any CPU = Debug|Any CPU
		Release|Any CPU = Release|Any CPU
	EndGlobalSection
	GlobalSection(ProjectConfigurationPlatforms) = postSolution
		{C39AEF49-E3E9-4B69-A375-BEABAAD8B8E9}.Debug|Any CPU.ActiveCfg = Debug|Any CPU
		{C39AEF49-E3E9-4B69-A375-BEABAAD8B8E9}.Debug|Any CPU.Build.0 = Debug|Any CPU
		{C39AEF49-E3E9-4B69-A375-BEABAAD8B8E9}.Release|Any CPU.ActiveCfg = Release|Any CPU
		{C39AEF49-E3E9-4B69-A375-BEABAAD8B8E9}.Release|Any CPU.Build.0 = Release|Any CPU
	EndGlobalSection
	GlobalSection(SolutionProperties) = preSolution
		HideSolutionNode = FALSE
	EndGlobalSection
	GlobalSection(ExtensibilityGlobals) = postSolution
		SolutionGuid = {687332A3-591A-4489-8673-712B3753422C}
	EndGlobalSection
EndGlobal
